// !$*UTF8*$!
{
	archiveVersion = 1;
	classes = {
	};
	objectVersion = 56;
	objects = {

/* Begin PBXBuildFile section */
		59D164E6292B9F6700490494 /* AppDelegate.swift in Sources */ = {isa = PBXBuildFile; fileRef = 59D164E5292B9F6700490494 /* AppDelegate.swift */; };
		59D164EF292B9F6900490494 /* Assets.xcassets in Resources */ = {isa = PBXBuildFile; fileRef = 59D164EE292B9F6900490494 /* Assets.xcassets */; };
		59D164F2292B9F6900490494 /* LaunchScreen.storyboard in Resources */ = {isa = PBXBuildFile; fileRef = 59D164F0292B9F6900490494 /* LaunchScreen.storyboard */; };
		59D164FB292B9FA200490494 /* HomeVC.swift in Sources */ = {isa = PBXBuildFile; fileRef = 59D164F9292B9FA200490494 /* HomeVC.swift */; };
		59D164FC292B9FA200490494 /* HomeVC.xib in Resources */ = {isa = PBXBuildFile; fileRef = 59D164FA292B9FA200490494 /* HomeVC.xib */; };
		59D16500292BE64000490494 /* TaskTVC.swift in Sources */ = {isa = PBXBuildFile; fileRef = 59D164FE292BE64000490494 /* TaskTVC.swift */; };
		59D16501292BE64000490494 /* TaskTVC.xib in Resources */ = {isa = PBXBuildFile; fileRef = 59D164FF292BE64000490494 /* TaskTVC.xib */; };
		59D16505292BE73B00490494 /* TaskDM.swift in Sources */ = {isa = PBXBuildFile; fileRef = 59D16504292BE73B00490494 /* TaskDM.swift */; };
		59D16507292BE7B400490494 /* PriorityEnum.swift in Sources */ = {isa = PBXBuildFile; fileRef = 59D16506292BE7B400490494 /* PriorityEnum.swift */; };
		59D16509292BE80900490494 /* TaskGroupDM.swift in Sources */ = {isa = PBXBuildFile; fileRef = 59D16508292BE80900490494 /* TaskGroupDM.swift */; };
		59D1650B292BE85B00490494 /* GroupTypeEnum.swift in Sources */ = {isa = PBXBuildFile; fileRef = 59D1650A292BE85B00490494 /* GroupTypeEnum.swift */; };
/* End PBXBuildFile section */

/* Begin PBXFileReference section */
		59D164E2292B9F6700490494 /* To Do List Alpha.app */ = {isa = PBXFileReference; explicitFileType = wrapper.application; includeInIndex = 0; path = "To Do List Alpha.app"; sourceTree = BUILT_PRODUCTS_DIR; };
		59D164E5292B9F6700490494 /* AppDelegate.swift */ = {isa = PBXFileReference; lastKnownFileType = sourcecode.swift; path = AppDelegate.swift; sourceTree = "<group>"; };
		59D164EE292B9F6900490494 /* Assets.xcassets */ = {isa = PBXFileReference; lastKnownFileType = folder.assetcatalog; path = Assets.xcassets; sourceTree = "<group>"; };
		59D164F1292B9F6900490494 /* Base */ = {isa = PBXFileReference; lastKnownFileType = file.storyboard; name = Base; path = Base.lproj/LaunchScreen.storyboard; sourceTree = "<group>"; };
		59D164F3292B9F6900490494 /* Info.plist */ = {isa = PBXFileReference; lastKnownFileType = text.plist.xml; path = Info.plist; sourceTree = "<group>"; };
		59D164F9292B9FA200490494 /* HomeVC.swift */ = {isa = PBXFileReference; lastKnownFileType = sourcecode.swift; path = HomeVC.swift; sourceTree = "<group>"; };
		59D164FA292B9FA200490494 /* HomeVC.xib */ = {isa = PBXFileReference; lastKnownFileType = file.xib; path = HomeVC.xib; sourceTree = "<group>"; };
		59D164FE292BE64000490494 /* TaskTVC.swift */ = {isa = PBXFileReference; lastKnownFileType = sourcecode.swift; path = TaskTVC.swift; sourceTree = "<group>"; };
		59D164FF292BE64000490494 /* TaskTVC.xib */ = {isa = PBXFileReference; lastKnownFileType = file.xib; path = TaskTVC.xib; sourceTree = "<group>"; };
		59D16504292BE73B00490494 /* TaskDM.swift */ = {isa = PBXFileReference; lastKnownFileType = sourcecode.swift; path = TaskDM.swift; sourceTree = "<group>"; };
		59D16506292BE7B400490494 /* PriorityEnum.swift */ = {isa = PBXFileReference; lastKnownFileType = sourcecode.swift; path = PriorityEnum.swift; sourceTree = "<group>"; };
		59D16508292BE80900490494 /* TaskGroupDM.swift */ = {isa = PBXFileReference; lastKnownFileType = sourcecode.swift; path = TaskGroupDM.swift; sourceTree = "<group>"; };
		59D1650A292BE85B00490494 /* GroupTypeEnum.swift */ = {isa = PBXFileReference; lastKnownFileType = sourcecode.swift; path = GroupTypeEnum.swift; sourceTree = "<group>"; };
/* End PBXFileReference section */

/* Begin PBXFrameworksBuildPhase section */
		59D164DF292B9F6700490494 /* Frameworks */ = {
			isa = PBXFrameworksBuildPhase;
			buildActionMask = 2147483647;
			files = (
			);
			runOnlyForDeploymentPostprocessing = 0;
		};
/* End PBXFrameworksBuildPhase section */

/* Begin PBXGroup section */
		59D164D9292B9F6700490494 = {
			isa = PBXGroup;
			children = (
				59D164E4292B9F6700490494 /* To Do List Alpha */,
				59D164E3292B9F6700490494 /* Products */,
			);
			sourceTree = "<group>";
		};
		59D164E3292B9F6700490494 /* Products */ = {
			isa = PBXGroup;
			children = (
				59D164E2292B9F6700490494 /* To Do List Alpha.app */,
			);
			name = Products;
			sourceTree = "<group>";
		};
		59D164E4292B9F6700490494 /* To Do List Alpha */ = {
			isa = PBXGroup;
			children = (
				59D16502292BE6E700490494 /* VCs */,
				59D164FD292BE60C00490494 /* TVCs  */,
				59D16503292BE72700490494 /* Models */,
				59D164E5292B9F6700490494 /* AppDelegate.swift */,
				59D164EE292B9F6900490494 /* Assets.xcassets */,
				59D164F3292B9F6900490494 /* Info.plist */,
				59D164F0292B9F6900490494 /* LaunchScreen.storyboard */,
			);
			path = "To Do List Alpha";
			sourceTree = "<group>";
		};
		59D164FD292BE60C00490494 /* TVCs  */ = {
			isa = PBXGroup;
			children = (
				59D164FE292BE64000490494 /* TaskTVC.swift */,
				59D164FF292BE64000490494 /* TaskTVC.xib */,
			);
			path = "TVCs ";
			sourceTree = "<group>";
		};
		59D16502292BE6E700490494 /* VCs */ = {
			isa = PBXGroup;
			children = (
				59D164F9292B9FA200490494 /* HomeVC.swift */,
				59D164FA292B9FA200490494 /* HomeVC.xib */,
			);
			path = VCs;
			sourceTree = "<group>";
		};
		59D16503292BE72700490494 /* Models */ = {
			isa = PBXGroup;
			children = (
				59D16504292BE73B00490494 /* TaskDM.swift */,
				59D16506292BE7B400490494 /* PriorityEnum.swift */,
				59D16508292BE80900490494 /* TaskGroupDM.swift */,
				59D1650A292BE85B00490494 /* GroupTypeEnum.swift */,
			);
			path = Models;
			sourceTree = "<group>";
		};
/* End PBXGroup section */

/* Begin PBXNativeTarget section */
		59D164E1292B9F6700490494 /* To Do List Alpha */ = {
			isa = PBXNativeTarget;
			buildConfigurationList = 59D164F6292B9F6900490494 /* Build configuration list for PBXNativeTarget "To Do List Alpha" */;
			buildPhases = (
				59D164DE292B9F6700490494 /* Sources */,
				59D164DF292B9F6700490494 /* Frameworks */,
				59D164E0292B9F6700490494 /* Resources */,
			);
			buildRules = (
			);
			dependencies = (
			);
			name = "To Do List Alpha";
			productName = "To Do List Alpha";
			productReference = 59D164E2292B9F6700490494 /* To Do List Alpha.app */;
			productType = "com.apple.product-type.application";
		};
/* End PBXNativeTarget section */

/* Begin PBXProject section */
		59D164DA292B9F6700490494 /* Project object */ = {
			isa = PBXProject;
			attributes = {
				BuildIndependentTargetsInParallel = 1;
				LastSwiftUpdateCheck = 1400;
				LastUpgradeCheck = 1400;
				TargetAttributes = {
					59D164E1292B9F6700490494 = {
						CreatedOnToolsVersion = 14.0;
					};
				};
			};
			buildConfigurationList = 59D164DD292B9F6700490494 /* Build configuration list for PBXProject "To Do List Alpha" */;
			compatibilityVersion = "Xcode 14.0";
			developmentRegion = en;
			hasScannedForEncodings = 0;
			knownRegions = (
				en,
				Base,
			);
			mainGroup = 59D164D9292B9F6700490494;
			productRefGroup = 59D164E3292B9F6700490494 /* Products */;
			projectDirPath = "";
			projectRoot = "";
			targets = (
				59D164E1292B9F6700490494 /* To Do List Alpha */,
			);
		};
/* End PBXProject section */

/* Begin PBXResourcesBuildPhase section */
		59D164E0292B9F6700490494 /* Resources */ = {
			isa = PBXResourcesBuildPhase;
			buildActionMask = 2147483647;
			files = (
				59D16501292BE64000490494 /* TaskTVC.xib in Resources */,
				59D164F2292B9F6900490494 /* LaunchScreen.storyboard in Resources */,
				59D164FC292B9FA200490494 /* HomeVC.xib in Resources */,
				59D164EF292B9F6900490494 /* Assets.xcassets in Resources */,
			);
			runOnlyForDeploymentPostprocessing = 0;
		};
/* End PBXResourcesBuildPhase section */

/* Begin PBXSourcesBuildPhase section */
		59D164DE292B9F6700490494 /* Sources */ = {
			isa = PBXSourcesBuildPhase;
			buildActionMask = 2147483647;
			files = (
				59D16500292BE64000490494 /* TaskTVC.swift in Sources */,
				59D164E6292B9F6700490494 /* AppDelegate.swift in Sources */,
				59D16507292BE7B400490494 /* PriorityEnum.swift in Sources */,
				59D164FB292B9FA200490494 /* HomeVC.swift in Sources */,
				59D1650B292BE85B00490494 /* GroupTypeEnum.swift in Sources */,
				59D16505292BE73B00490494 /* TaskDM.swift in Sources */,
				59D16509292BE80900490494 /* TaskGroupDM.swift in Sources */,
			);
			runOnlyForDeploymentPostprocessing = 0;
		};
/* End PBXSourcesBuildPhase section */

/* Begin PBXVariantGroup section */
		59D164F0292B9F6900490494 /* LaunchScreen.storyboard */ = {
			isa = PBXVariantGroup;
			children = (
				59D164F1292B9F6900490494 /* Base */,
			);
			name = LaunchScreen.storyboard;
			sourceTree = "<group>";
		};
/* End PBXVariantGroup section */

/* Begin XCBuildConfiguration section */
		59D164F4292B9F6900490494 /* Debug */ = {
			isa = XCBuildConfiguration;
			buildSettings = {
				ALWAYS_SEARCH_USER_PATHS = NO;
				CLANG_ANALYZER_NONNULL = YES;
				CLANG_ANALYZER_NUMBER_OBJECT_CONVERSION = YES_AGGRESSIVE;
				CLANG_CXX_LANGUAGE_STANDARD = "gnu++20";
				CLANG_ENABLE_MODULES = YES;
				CLANG_ENABLE_OBJC_ARC = YES;
				CLANG_ENABLE_OBJC_WEAK = YES;
				CLANG_WARN_BLOCK_CAPTURE_AUTORELEASING = YES;
				CLANG_WARN_BOOL_CONVERSION = YES;
				CLANG_WARN_COMMA = YES;
				CLANG_WARN_CONSTANT_CONVERSION = YES;
				CLANG_WARN_DEPRECATED_OBJC_IMPLEMENTATIONS = YES;
				CLANG_WARN_DIRECT_OBJC_ISA_USAGE = YES_ERROR;
				CLANG_WARN_DOCUMENTATION_COMMENTS = YES;
				CLANG_WARN_EMPTY_BODY = YES;
				CLANG_WARN_ENUM_CONVERSION = YES;
				CLANG_WARN_INFINITE_RECURSION = YES;
				CLANG_WARN_INT_CONVERSION = YES;
				CLANG_WARN_NON_LITERAL_NULL_CONVERSION = YES;
				CLANG_WARN_OBJC_IMPLICIT_RETAIN_SELF = YES;
				CLANG_WARN_OBJC_LITERAL_CONVERSION = YES;
				CLANG_WARN_OBJC_ROOT_CLASS = YES_ERROR;
				CLANG_WARN_QUOTED_INCLUDE_IN_FRAMEWORK_HEADER = YES;
				CLANG_WARN_RANGE_LOOP_ANALYSIS = YES;
				CLANG_WARN_STRICT_PROTOTYPES = YES;
				CLANG_WARN_SUSPICIOUS_MOVE = YES;
				CLANG_WARN_UNGUARDED_AVAILABILITY = YES_AGGRESSIVE;
				CLANG_WARN_UNREACHABLE_CODE = YES;
				CLANG_WARN__DUPLICATE_METHOD_MATCH = YES;
				COPY_PHASE_STRIP = NO;
				DEBUG_INFORMATION_FORMAT = dwarf;
				ENABLE_STRICT_OBJC_MSGSEND = YES;
				ENABLE_TESTABILITY = YES;
				GCC_C_LANGUAGE_STANDARD = gnu11;
				GCC_DYNAMIC_NO_PIC = NO;
				GCC_NO_COMMON_BLOCKS = YES;
				GCC_OPTIMIZATION_LEVEL = 0;
				GCC_PREPROCESSOR_DEFINITIONS = (
					"DEBUG=1",
					"$(inherited)",
				);
				GCC_WARN_64_TO_32_BIT_CONVERSION = YES;
				GCC_WARN_ABOUT_RETURN_TYPE = YES_ERROR;
				GCC_WARN_UNDECLARED_SELECTOR = YES;
				GCC_WARN_UNINITIALIZED_AUTOS = YES_AGGRESSIVE;
				GCC_WARN_UNUSED_FUNCTION = YES;
				GCC_WARN_UNUSED_VARIABLE = YES;
				IPHONEOS_DEPLOYMENT_TARGET = 13.0;
				MTL_ENABLE_DEBUG_INFO = INCLUDE_SOURCE;
				MTL_FAST_MATH = YES;
				ONLY_ACTIVE_ARCH = YES;
				SDKROOT = iphoneos;
				SWIFT_ACTIVE_COMPILATION_CONDITIONS = DEBUG;
				SWIFT_OPTIMIZATION_LEVEL = "-Onone";
			};
			name = Debug;
		};
		59D164F5292B9F6900490494 /* Release */ = {
			isa = XCBuildConfiguration;
			buildSettings = {
				ALWAYS_SEARCH_USER_PATHS = NO;
				CLANG_ANALYZER_NONNULL = YES;
				CLANG_ANALYZER_NUMBER_OBJECT_CONVERSION = YES_AGGRESSIVE;
				CLANG_CXX_LANGUAGE_STANDARD = "gnu++20";
				CLANG_ENABLE_MODULES = YES;
				CLANG_ENABLE_OBJC_ARC = YES;
				CLANG_ENABLE_OBJC_WEAK = YES;
				CLANG_WARN_BLOCK_CAPTURE_AUTORELEASING = YES;
				CLANG_WARN_BOOL_CONVERSION = YES;
				CLANG_WARN_COMMA = YES;
				CLANG_WARN_CONSTANT_CONVERSION = YES;
				CLANG_WARN_DEPRECATED_OBJC_IMPLEMENTATIONS = YES;
				CLANG_WARN_DIRECT_OBJC_ISA_USAGE = YES_ERROR;
				CLANG_WARN_DOCUMENTATION_COMMENTS = YES;
				CLANG_WARN_EMPTY_BODY = YES;
				CLANG_WARN_ENUM_CONVERSION = YES;
				CLANG_WARN_INFINITE_RECURSION = YES;
				CLANG_WARN_INT_CONVERSION = YES;
				CLANG_WARN_NON_LITERAL_NULL_CONVERSION = YES;
				CLANG_WARN_OBJC_IMPLICIT_RETAIN_SELF = YES;
				CLANG_WARN_OBJC_LITERAL_CONVERSION = YES;
				CLANG_WARN_OBJC_ROOT_CLASS = YES_ERROR;
				CLANG_WARN_QUOTED_INCLUDE_IN_FRAMEWORK_HEADER = YES;
				CLANG_WARN_RANGE_LOOP_ANALYSIS = YES;
				CLANG_WARN_STRICT_PROTOTYPES = YES;
				CLANG_WARN_SUSPICIOUS_MOVE = YES;
				CLANG_WARN_UNGUARDED_AVAILABILITY = YES_AGGRESSIVE;
				CLANG_WARN_UNREACHABLE_CODE = YES;
				CLANG_WARN__DUPLICATE_METHOD_MATCH = YES;
				COPY_PHASE_STRIP = NO;
				DEBUG_INFORMATION_FORMAT = "dwarf-with-dsym";
				ENABLE_NS_ASSERTIONS = NO;
				ENABLE_STRICT_OBJC_MSGSEND = YES;
				GCC_C_LANGUAGE_STANDARD = gnu11;
				GCC_NO_COMMON_BLOCKS = YES;
				GCC_WARN_64_TO_32_BIT_CONVERSION = YES;
				GCC_WARN_ABOUT_RETURN_TYPE = YES_ERROR;
				GCC_WARN_UNDECLARED_SELECTOR = YES;
				GCC_WARN_UNINITIALIZED_AUTOS = YES_AGGRESSIVE;
				GCC_WARN_UNUSED_FUNCTION = YES;
				GCC_WARN_UNUSED_VARIABLE = YES;
				IPHONEOS_DEPLOYMENT_TARGET = 13.0;
				MTL_ENABLE_DEBUG_INFO = NO;
				MTL_FAST_MATH = YES;
				SDKROOT = iphoneos;
				SWIFT_COMPILATION_MODE = wholemodule;
				SWIFT_OPTIMIZATION_LEVEL = "-O";
				VALIDATE_PRODUCT = YES;
			};
			name = Release;
		};
		59D164F7292B9F6900490494 /* Debug */ = {
			isa = XCBuildConfiguration;
			buildSettings = {
				ASSETCATALOG_COMPILER_APPICON_NAME = AppIcon;
				ASSETCATALOG_COMPILER_GLOBAL_ACCENT_COLOR_NAME = AccentColor;
				CODE_SIGN_STYLE = Automatic;
				CURRENT_PROJECT_VERSION = 1;
				GENERATE_INFOPLIST_FILE = YES;
				INFOPLIST_FILE = "To Do List Alpha/Info.plist";
				INFOPLIST_KEY_UIApplicationSupportsIndirectInputEvents = YES;
				INFOPLIST_KEY_UILaunchStoryboardName = LaunchScreen;
				INFOPLIST_KEY_UISupportedInterfaceOrientations_iPad = "UIInterfaceOrientationPortrait UIInterfaceOrientationPortraitUpsideDown UIInterfaceOrientationLandscapeLeft UIInterfaceOrientationLandscapeRight";
				INFOPLIST_KEY_UISupportedInterfaceOrientations_iPhone = "UIInterfaceOrientationPortrait UIInterfaceOrientationLandscapeLeft UIInterfaceOrientationLandscapeRight";
				IPHONEOS_DEPLOYMENT_TARGET = 13.0;
				LD_RUNPATH_SEARCH_PATHS = (
					"$(inherited)",
					"@executable_path/Frameworks",
				);
				MARKETING_VERSION = 1.0;
				PRODUCT_BUNDLE_IDENTIFIER = "devxon.To-Do-List-Alpha";
				PRODUCT_NAME = "$(TARGET_NAME)";
				SWIFT_EMIT_LOC_STRINGS = YES;
				SWIFT_VERSION = 5.0;
				TARGETED_DEVICE_FAMILY = "1,2";
			};
			name = Debug;
		};
		59D164F8292B9F6900490494 /* Release */ = {
			isa = XCBuildConfiguration;
			buildSettings = {
				ASSETCATALOG_COMPILER_APPICON_NAME = AppIcon;
				ASSETCATALOG_COMPILER_GLOBAL_ACCENT_COLOR_NAME = AccentColor;
				CODE_SIGN_STYLE = Automatic;
				CURRENT_PROJECT_VERSION = 1;
				GENERATE_INFOPLIST_FILE = YES;
				INFOPLIST_FILE = "To Do List Alpha/Info.plist";
				INFOPLIST_KEY_UIApplicationSupportsIndirectInputEvents = YES;
				INFOPLIST_KEY_UILaunchStoryboardName = LaunchScreen;
				INFOPLIST_KEY_UISupportedInterfaceOrientations_iPad = "UIInterfaceOrientationPortrait UIInterfaceOrientationPortraitUpsideDown UIInterfaceOrientationLandscapeLeft UIInterfaceOrientationLandscapeRight";
				INFOPLIST_KEY_UISupportedInterfaceOrientations_iPhone = "UIInterfaceOrientationPortrait UIInterfaceOrientationLandscapeLeft UIInterfaceOrientationLandscapeRight";
				IPHONEOS_DEPLOYMENT_TARGET = 13.0;
				LD_RUNPATH_SEARCH_PATHS = (
					"$(inherited)",
					"@executable_path/Frameworks",
				);
				MARKETING_VERSION = 1.0;
				PRODUCT_BUNDLE_IDENTIFIER = "devxon.To-Do-List-Alpha";
				PRODUCT_NAME = "$(TARGET_NAME)";
				SWIFT_EMIT_LOC_STRINGS = YES;
				SWIFT_VERSION = 5.0;
				TARGETED_DEVICE_FAMILY = "1,2";
			};
			name = Release;
		};
/* End XCBuildConfiguration section */

/* Begin XCConfigurationList section */
		59D164DD292B9F6700490494 /* Build configuration list for PBXProject "To Do List Alpha" */ = {
			isa = XCConfigurationList;
			buildConfigurations = (
				59D164F4292B9F6900490494 /* Debug */,
				59D164F5292B9F6900490494 /* Release */,
			);
			defaultConfigurationIsVisible = 0;
			defaultConfigurationName = Release;
		};
		59D164F6292B9F6900490494 /* Build configuration list for PBXNativeTarget "To Do List Alpha" */ = {
			isa = XCConfigurationList;
			buildConfigurations = (
				59D164F7292B9F6900490494 /* Debug */,
				59D164F8292B9F6900490494 /* Release */,
			);
			defaultConfigurationIsVisible = 0;
			defaultConfigurationName = Release;
		};
/* End XCConfigurationList section */
	};
	rootObject = 59D164DA292B9F6700490494 /* Project object */;
}
